// !$*UTF8*$!
{
	archiveVersion = 1;
	classes = {
	};
	objectVersion = 50;
	objects = {

/* Begin PBXBuildFile section */
		FA13047F26F0DC32002B9C42 /* MainViewController.swift in Sources */ = {isa = PBXBuildFile; fileRef = FA13047E26F0DC32002B9C42 /* MainViewController.swift */; };
		FA13048226F0DC4D002B9C42 /* PaulseViewController.swift in Sources */ = {isa = PBXBuildFile; fileRef = FA13048126F0DC4D002B9C42 /* PaulseViewController.swift */; };
		FA13048526F10D87002B9C42 /* EntryView.xib in Resources */ = {isa = PBXBuildFile; fileRef = FA13048426F10D87002B9C42 /* EntryView.xib */; };
		FA13048826F110D2002B9C42 /* EntryView.swift in Sources */ = {isa = PBXBuildFile; fileRef = FA13048726F110D2002B9C42 /* EntryView.swift */; };
		FA13048B26F12AB3002B9C42 /* UIView+Extension.swift in Sources */ = {isa = PBXBuildFile; fileRef = FA13048A26F12AB3002B9C42 /* UIView+Extension.swift */; };
		FA44BCEA26DBB96E004193D2 /* AppDelegate.swift in Sources */ = {isa = PBXBuildFile; fileRef = FA44BCE926DBB96E004193D2 /* AppDelegate.swift */; };
		FA44BCEC26DBB96E004193D2 /* SceneDelegate.swift in Sources */ = {isa = PBXBuildFile; fileRef = FA44BCEB26DBB96E004193D2 /* SceneDelegate.swift */; };
		FA44BCEE26DBB96F004193D2 /* EntryViewController.swift in Sources */ = {isa = PBXBuildFile; fileRef = FA44BCED26DBB96F004193D2 /* EntryViewController.swift */; };
		FA44BCF126DBB96F004193D2 /* Main.storyboard in Resources */ = {isa = PBXBuildFile; fileRef = FA44BCEF26DBB96F004193D2 /* Main.storyboard */; };
		FA44BCF326DBB970004193D2 /* Assets.xcassets in Resources */ = {isa = PBXBuildFile; fileRef = FA44BCF226DBB970004193D2 /* Assets.xcassets */; };
		FA44BCF626DBB970004193D2 /* LaunchScreen.storyboard in Resources */ = {isa = PBXBuildFile; fileRef = FA44BCF426DBB970004193D2 /* LaunchScreen.storyboard */; };
		FA44BD0126DC4A09004193D2 /* QuestionModel.swift in Sources */ = {isa = PBXBuildFile; fileRef = FA44BD0026DC4A09004193D2 /* QuestionModel.swift */; };
		FA4D3DD627BAD6E900E02C75 /* SettingViewController.swift in Sources */ = {isa = PBXBuildFile; fileRef = FA4D3DD527BAD6E900E02C75 /* SettingViewController.swift */; };
		FA4D3DDB27BAD99D00E02C75 /* SettingView.swift in Sources */ = {isa = PBXBuildFile; fileRef = FA4D3DD927BAD99D00E02C75 /* SettingView.swift */; };
		FA4D3DDC27BAD99D00E02C75 /* SettingView.xib in Resources */ = {isa = PBXBuildFile; fileRef = FA4D3DDA27BAD99D00E02C75 /* SettingView.xib */; };
		FA5CAF3F26FCC31600479823 /* Singleton.swift in Sources */ = {isa = PBXBuildFile; fileRef = FA5CAF3E26FCC31600479823 /* Singleton.swift */; };
		FA6ECEE627472A020045C7C2 /* LevelTableViewCell.swift in Sources */ = {isa = PBXBuildFile; fileRef = FA6ECEE427472A020045C7C2 /* LevelTableViewCell.swift */; };
		FA6ECEE727472A020045C7C2 /* LevelTableViewCell.xib in Resources */ = {isa = PBXBuildFile; fileRef = FA6ECEE527472A020045C7C2 /* LevelTableViewCell.xib */; };
		FA71ABA927469CAA0018C956 /* AnswerCollectionViewCell.swift in Sources */ = {isa = PBXBuildFile; fileRef = FA71ABA727469CAA0018C956 /* AnswerCollectionViewCell.swift */; };
		FA71ABAA27469CAA0018C956 /* AnswerCollectionViewCell.xib in Resources */ = {isa = PBXBuildFile; fileRef = FA71ABA827469CAA0018C956 /* AnswerCollectionViewCell.xib */; };
		FA71ABAE2746A0540018C956 /* TitleCollectionViewCell.swift in Sources */ = {isa = PBXBuildFile; fileRef = FA71ABAC2746A0540018C956 /* TitleCollectionViewCell.swift */; };
		FA71ABAF2746A0540018C956 /* TitleCollectionViewCell.xib in Resources */ = {isa = PBXBuildFile; fileRef = FA71ABAD2746A0540018C956 /* TitleCollectionViewCell.xib */; };
		FA7CB995274F091A0079BCB9 /* ScoresViewController.swift in Sources */ = {isa = PBXBuildFile; fileRef = FA7CB994274F091A0079BCB9 /* ScoresViewController.swift */; };
		FA7CB9A3274F0B730079BCB9 /* ScoresView.swift in Sources */ = {isa = PBXBuildFile; fileRef = FA7CB9A2274F0B730079BCB9 /* ScoresView.swift */; };
		FA7CB9A6274F0C190079BCB9 /* ScoresView.xib in Resources */ = {isa = PBXBuildFile; fileRef = FA7CB9A5274F0C190079BCB9 /* ScoresView.xib */; };
		FA7CB9AA274F14590079BCB9 /* ScoresTableViewCell.swift in Sources */ = {isa = PBXBuildFile; fileRef = FA7CB9A8274F14590079BCB9 /* ScoresTableViewCell.swift */; };
		FA7CB9AB274F14590079BCB9 /* ScoresTableViewCell.xib in Resources */ = {isa = PBXBuildFile; fileRef = FA7CB9A9274F14590079BCB9 /* ScoresTableViewCell.xib */; };
		FA9C0A8C26F4E5A7003F51A7 /* MainView.swift in Sources */ = {isa = PBXBuildFile; fileRef = FA9C0A8B26F4E5A7003F51A7 /* MainView.swift */; };
		FA9C0A8F26F4E630003F51A7 /* MainView.xib in Resources */ = {isa = PBXBuildFile; fileRef = FA9C0A8E26F4E630003F51A7 /* MainView.xib */; };
		FA9C0A9226F4E651003F51A7 /* PaulseView.swift in Sources */ = {isa = PBXBuildFile; fileRef = FA9C0A9126F4E651003F51A7 /* PaulseView.swift */; };
		FA9C0A9526F4E661003F51A7 /* PaulseView.xib in Resources */ = {isa = PBXBuildFile; fileRef = FA9C0A9426F4E661003F51A7 /* PaulseView.xib */; };
		FA9C0A9826F4E69C003F51A7 /* ProgressView.swift in Sources */ = {isa = PBXBuildFile; fileRef = FA9C0A9726F4E69C003F51A7 /* ProgressView.swift */; };
		FA9C0A9B26F4E6AB003F51A7 /* ProgressView.xib in Resources */ = {isa = PBXBuildFile; fileRef = FA9C0A9A26F4E6AB003F51A7 /* ProgressView.xib */; };
/* End PBXBuildFile section */

/* Begin PBXFileReference section */
		FA13047E26F0DC32002B9C42 /* MainViewController.swift */ = {isa = PBXFileReference; lastKnownFileType = sourcecode.swift; path = MainViewController.swift; sourceTree = "<group>"; };
		FA13048126F0DC4D002B9C42 /* PaulseViewController.swift */ = {isa = PBXFileReference; lastKnownFileType = sourcecode.swift; path = PaulseViewController.swift; sourceTree = "<group>"; };
		FA13048426F10D87002B9C42 /* EntryView.xib */ = {isa = PBXFileReference; lastKnownFileType = file.xib; path = EntryView.xib; sourceTree = "<group>"; };
		FA13048726F110D2002B9C42 /* EntryView.swift */ = {isa = PBXFileReference; lastKnownFileType = sourcecode.swift; path = EntryView.swift; sourceTree = "<group>"; };
		FA13048A26F12AB3002B9C42 /* UIView+Extension.swift */ = {isa = PBXFileReference; lastKnownFileType = sourcecode.swift; path = "UIView+Extension.swift"; sourceTree = "<group>"; };
		FA44BCE626DBB96E004193D2 /* Quize.app */ = {isa = PBXFileReference; explicitFileType = wrapper.application; includeInIndex = 0; path = Quize.app; sourceTree = BUILT_PRODUCTS_DIR; };
		FA44BCE926DBB96E004193D2 /* AppDelegate.swift */ = {isa = PBXFileReference; lastKnownFileType = sourcecode.swift; path = AppDelegate.swift; sourceTree = "<group>"; };
		FA44BCEB26DBB96E004193D2 /* SceneDelegate.swift */ = {isa = PBXFileReference; lastKnownFileType = sourcecode.swift; path = SceneDelegate.swift; sourceTree = "<group>"; };
		FA44BCED26DBB96F004193D2 /* EntryViewController.swift */ = {isa = PBXFileReference; lastKnownFileType = sourcecode.swift; path = EntryViewController.swift; sourceTree = "<group>"; };
		FA44BCF026DBB96F004193D2 /* Base */ = {isa = PBXFileReference; lastKnownFileType = file.storyboard; name = Base; path = Base.lproj/Main.storyboard; sourceTree = "<group>"; };
		FA44BCF226DBB970004193D2 /* Assets.xcassets */ = {isa = PBXFileReference; lastKnownFileType = folder.assetcatalog; path = Assets.xcassets; sourceTree = "<group>"; };
		FA44BCF526DBB970004193D2 /* Base */ = {isa = PBXFileReference; lastKnownFileType = file.storyboard; name = Base; path = Base.lproj/LaunchScreen.storyboard; sourceTree = "<group>"; };
		FA44BCF726DBB970004193D2 /* Info.plist */ = {isa = PBXFileReference; lastKnownFileType = text.plist.xml; path = Info.plist; sourceTree = "<group>"; };
		FA44BD0026DC4A09004193D2 /* QuestionModel.swift */ = {isa = PBXFileReference; lastKnownFileType = sourcecode.swift; path = QuestionModel.swift; sourceTree = "<group>"; };
		FA4D3DD527BAD6E900E02C75 /* SettingViewController.swift */ = {isa = PBXFileReference; lastKnownFileType = sourcecode.swift; path = SettingViewController.swift; sourceTree = "<group>"; };
		FA4D3DD927BAD99D00E02C75 /* SettingView.swift */ = {isa = PBXFileReference; lastKnownFileType = sourcecode.swift; path = SettingView.swift; sourceTree = "<group>"; };
		FA4D3DDA27BAD99D00E02C75 /* SettingView.xib */ = {isa = PBXFileReference; lastKnownFileType = file.xib; path = SettingView.xib; sourceTree = "<group>"; };
		FA5CAF3E26FCC31600479823 /* Singleton.swift */ = {isa = PBXFileReference; lastKnownFileType = sourcecode.swift; path = Singleton.swift; sourceTree = "<group>"; };
		FA6ECEE427472A020045C7C2 /* LevelTableViewCell.swift */ = {isa = PBXFileReference; lastKnownFileType = sourcecode.swift; path = LevelTableViewCell.swift; sourceTree = "<group>"; };
		FA6ECEE527472A020045C7C2 /* LevelTableViewCell.xib */ = {isa = PBXFileReference; lastKnownFileType = file.xib; path = LevelTableViewCell.xib; sourceTree = "<group>"; };
		FA71ABA727469CAA0018C956 /* AnswerCollectionViewCell.swift */ = {isa = PBXFileReference; lastKnownFileType = sourcecode.swift; path = AnswerCollectionViewCell.swift; sourceTree = "<group>"; };
		FA71ABA827469CAA0018C956 /* AnswerCollectionViewCell.xib */ = {isa = PBXFileReference; lastKnownFileType = file.xib; path = AnswerCollectionViewCell.xib; sourceTree = "<group>"; };
		FA71ABAC2746A0540018C956 /* TitleCollectionViewCell.swift */ = {isa = PBXFileReference; lastKnownFileType = sourcecode.swift; path = TitleCollectionViewCell.swift; sourceTree = "<group>"; };
		FA71ABAD2746A0540018C956 /* TitleCollectionViewCell.xib */ = {isa = PBXFileReference; lastKnownFileType = file.xib; path = TitleCollectionViewCell.xib; sourceTree = "<group>"; };
		FA7CB994274F091A0079BCB9 /* ScoresViewController.swift */ = {isa = PBXFileReference; lastKnownFileType = sourcecode.swift; path = ScoresViewController.swift; sourceTree = "<group>"; };
		FA7CB9A2274F0B730079BCB9 /* ScoresView.swift */ = {isa = PBXFileReference; lastKnownFileType = sourcecode.swift; path = ScoresView.swift; sourceTree = "<group>"; };
		FA7CB9A5274F0C190079BCB9 /* ScoresView.xib */ = {isa = PBXFileReference; lastKnownFileType = file.xib; path = ScoresView.xib; sourceTree = "<group>"; };
		FA7CB9A8274F14590079BCB9 /* ScoresTableViewCell.swift */ = {isa = PBXFileReference; lastKnownFileType = sourcecode.swift; path = ScoresTableViewCell.swift; sourceTree = "<group>"; };
		FA7CB9A9274F14590079BCB9 /* ScoresTableViewCell.xib */ = {isa = PBXFileReference; lastKnownFileType = file.xib; path = ScoresTableViewCell.xib; sourceTree = "<group>"; };
		FA9C0A8B26F4E5A7003F51A7 /* MainView.swift */ = {isa = PBXFileReference; lastKnownFileType = sourcecode.swift; path = MainView.swift; sourceTree = "<group>"; };
		FA9C0A8E26F4E630003F51A7 /* MainView.xib */ = {isa = PBXFileReference; lastKnownFileType = file.xib; path = MainView.xib; sourceTree = "<group>"; };
		FA9C0A9126F4E651003F51A7 /* PaulseView.swift */ = {isa = PBXFileReference; lastKnownFileType = sourcecode.swift; path = PaulseView.swift; sourceTree = "<group>"; };
		FA9C0A9426F4E661003F51A7 /* PaulseView.xib */ = {isa = PBXFileReference; lastKnownFileType = file.xib; path = PaulseView.xib; sourceTree = "<group>"; };
		FA9C0A9726F4E69C003F51A7 /* ProgressView.swift */ = {isa = PBXFileReference; lastKnownFileType = sourcecode.swift; path = ProgressView.swift; sourceTree = "<group>"; };
		FA9C0A9A26F4E6AB003F51A7 /* ProgressView.xib */ = {isa = PBXFileReference; lastKnownFileType = file.xib; path = ProgressView.xib; sourceTree = "<group>"; };
/* End PBXFileReference section */

/* Begin PBXFrameworksBuildPhase section */
		FA44BCE326DBB96E004193D2 /* Frameworks */ = {
			isa = PBXFrameworksBuildPhase;
			buildActionMask = 2147483647;
			files = (
			);
			runOnlyForDeploymentPostprocessing = 0;
		};
/* End PBXFrameworksBuildPhase section */

/* Begin PBXGroup section */
		FA13047926F0D86C002B9C42 /* ViewControllers */ = {
			isa = PBXGroup;
			children = (
				FA44BCED26DBB96F004193D2 /* EntryViewController.swift */,
				FA13047E26F0DC32002B9C42 /* MainViewController.swift */,
				FA13048126F0DC4D002B9C42 /* PaulseViewController.swift */,
				FA7CB994274F091A0079BCB9 /* ScoresViewController.swift */,
				FA4D3DD527BAD6E900E02C75 /* SettingViewController.swift */,
			);
			path = ViewControllers;
			sourceTree = "<group>";
		};
		FA13047A26F0D8EF002B9C42 /* Supporting Files */ = {
			isa = PBXGroup;
			children = (
				FA44BCF726DBB970004193D2 /* Info.plist */,
				FA44BCEB26DBB96E004193D2 /* SceneDelegate.swift */,
				FA44BCF226DBB970004193D2 /* Assets.xcassets */,
				FA44BCE926DBB96E004193D2 /* AppDelegate.swift */,
			);
			path = "Supporting Files";
			sourceTree = "<group>";
		};
		FA13047C26F0DB66002B9C42 /* View */ = {
			isa = PBXGroup;
			children = (
				FA7CB9A2274F0B730079BCB9 /* ScoresView.swift */,
				FA7CB9A5274F0C190079BCB9 /* ScoresView.xib */,
				FA6ECEE427472A020045C7C2 /* LevelTableViewCell.swift */,
				FA6ECEE527472A020045C7C2 /* LevelTableViewCell.xib */,
				FA71ABAC2746A0540018C956 /* TitleCollectionViewCell.swift */,
				FA71ABAD2746A0540018C956 /* TitleCollectionViewCell.xib */,
				FA71ABA727469CAA0018C956 /* AnswerCollectionViewCell.swift */,
				FA71ABA827469CAA0018C956 /* AnswerCollectionViewCell.xib */,
				FA13048726F110D2002B9C42 /* EntryView.swift */,
				FA13048426F10D87002B9C42 /* EntryView.xib */,
				FA9C0A8B26F4E5A7003F51A7 /* MainView.swift */,
				FA9C0A8E26F4E630003F51A7 /* MainView.xib */,
				FA9C0A9126F4E651003F51A7 /* PaulseView.swift */,
				FA9C0A9426F4E661003F51A7 /* PaulseView.xib */,
				FA9C0A9726F4E69C003F51A7 /* ProgressView.swift */,
				FA9C0A9A26F4E6AB003F51A7 /* ProgressView.xib */,
				FA7CB9A8274F14590079BCB9 /* ScoresTableViewCell.swift */,
				FA7CB9A9274F14590079BCB9 /* ScoresTableViewCell.xib */,
				FA4D3DD927BAD99D00E02C75 /* SettingView.swift */,
				FA4D3DDA27BAD99D00E02C75 /* SettingView.xib */,
			);
			path = View;
			sourceTree = "<group>";
		};
		FA44BCDD26DBB96E004193D2 = {
			isa = PBXGroup;
			children = (
				FA44BCE826DBB96E004193D2 /* Quize */,
				FA44BCE726DBB96E004193D2 /* Products */,
			);
			sourceTree = "<group>";
		};
		FA44BCE726DBB96E004193D2 /* Products */ = {
			isa = PBXGroup;
			children = (
				FA44BCE626DBB96E004193D2 /* Quize.app */,
			);
			name = Products;
			sourceTree = "<group>";
		};
		FA44BCE826DBB96E004193D2 /* Quize */ = {
			isa = PBXGroup;
			children = (
				FA13047C26F0DB66002B9C42 /* View */,
				FA13047A26F0D8EF002B9C42 /* Supporting Files */,
				FA13047926F0D86C002B9C42 /* ViewControllers */,
				FA44BCFF26DC4960004193D2 /* Models */,
				FA44BCEF26DBB96F004193D2 /* Main.storyboard */,
				FA44BCF426DBB970004193D2 /* LaunchScreen.storyboard */,
				FA13048A26F12AB3002B9C42 /* UIView+Extension.swift */,
				FA5CAF3E26FCC31600479823 /* Singleton.swift */,
			);
			path = Quize;
			sourceTree = "<group>";
		};
		FA44BCFF26DC4960004193D2 /* Models */ = {
			isa = PBXGroup;
			children = (
				FA44BD0026DC4A09004193D2 /* QuestionModel.swift */,
			);
			path = Models;
			sourceTree = "<group>";
		};
/* End PBXGroup section */

/* Begin PBXNativeTarget section */
		FA44BCE526DBB96E004193D2 /* Quize */ = {
			isa = PBXNativeTarget;
			buildConfigurationList = FA44BCFA26DBB970004193D2 /* Build configuration list for PBXNativeTarget "Quize" */;
			buildPhases = (
				FA44BCE226DBB96E004193D2 /* Sources */,
				FA44BCE326DBB96E004193D2 /* Frameworks */,
				FA44BCE426DBB96E004193D2 /* Resources */,
			);
			buildRules = (
			);
			dependencies = (
			);
			name = Quize;
			productName = Quize;
			productReference = FA44BCE626DBB96E004193D2 /* Quize.app */;
			productType = "com.apple.product-type.application";
		};
/* End PBXNativeTarget section */

/* Begin PBXProject section */
		FA44BCDE26DBB96E004193D2 /* Project object */ = {
			isa = PBXProject;
			attributes = {
				LastSwiftUpdateCheck = 1240;
				LastUpgradeCheck = 1240;
				TargetAttributes = {
					FA44BCE526DBB96E004193D2 = {
						CreatedOnToolsVersion = 12.4;
					};
				};
			};
			buildConfigurationList = FA44BCE126DBB96E004193D2 /* Build configuration list for PBXProject "Quize" */;
			compatibilityVersion = "Xcode 9.3";
			developmentRegion = en;
			hasScannedForEncodings = 0;
			knownRegions = (
				en,
				Base,
			);
			mainGroup = FA44BCDD26DBB96E004193D2;
			productRefGroup = FA44BCE726DBB96E004193D2 /* Products */;
			projectDirPath = "";
			projectRoot = "";
			targets = (
				FA44BCE526DBB96E004193D2 /* Quize */,
			);
		};
/* End PBXProject section */

/* Begin PBXResourcesBuildPhase section */
		FA44BCE426DBB96E004193D2 /* Resources */ = {
			isa = PBXResourcesBuildPhase;
			buildActionMask = 2147483647;
			files = (
				FA9C0A9B26F4E6AB003F51A7 /* ProgressView.xib in Resources */,
				FA9C0A9526F4E661003F51A7 /* PaulseView.xib in Resources */,
				FA7CB9AB274F14590079BCB9 /* ScoresTableViewCell.xib in Resources */,
				FA44BCF626DBB970004193D2 /* LaunchScreen.storyboard in Resources */,
				FA13048526F10D87002B9C42 /* EntryView.xib in Resources */,
				FA7CB9A6274F0C190079BCB9 /* ScoresView.xib in Resources */,
				FA6ECEE727472A020045C7C2 /* LevelTableViewCell.xib in Resources */,
				FA44BCF326DBB970004193D2 /* Assets.xcassets in Resources */,
				FA71ABAF2746A0540018C956 /* TitleCollectionViewCell.xib in Resources */,
				FA71ABAA27469CAA0018C956 /* AnswerCollectionViewCell.xib in Resources */,
				FA4D3DDC27BAD99D00E02C75 /* SettingView.xib in Resources */,
				FA44BCF126DBB96F004193D2 /* Main.storyboard in Resources */,
				FA9C0A8F26F4E630003F51A7 /* MainView.xib in Resources */,
			);
			runOnlyForDeploymentPostprocessing = 0;
		};
/* End PBXResourcesBuildPhase section */

/* Begin PBXSourcesBuildPhase section */
		FA44BCE226DBB96E004193D2 /* Sources */ = {
			isa = PBXSourcesBuildPhase;
			buildActionMask = 2147483647;
			files = (
				FA13048226F0DC4D002B9C42 /* PaulseViewController.swift in Sources */,
				FA4D3DDB27BAD99D00E02C75 /* SettingView.swift in Sources */,
				FA71ABA927469CAA0018C956 /* AnswerCollectionViewCell.swift in Sources */,
				FA9C0A8C26F4E5A7003F51A7 /* MainView.swift in Sources */,
				FA7CB995274F091A0079BCB9 /* ScoresViewController.swift in Sources */,
				FA44BCEE26DBB96F004193D2 /* EntryViewController.swift in Sources */,
				FA13048B26F12AB3002B9C42 /* UIView+Extension.swift in Sources */,
				FA5CAF3F26FCC31600479823 /* Singleton.swift in Sources */,
				FA9C0A9226F4E651003F51A7 /* PaulseView.swift in Sources */,
				FA44BCEA26DBB96E004193D2 /* AppDelegate.swift in Sources */,
				FA13048826F110D2002B9C42 /* EntryView.swift in Sources */,
				FA44BCEC26DBB96E004193D2 /* SceneDelegate.swift in Sources */,
				FA44BD0126DC4A09004193D2 /* QuestionModel.swift in Sources */,
				FA7CB9AA274F14590079BCB9 /* ScoresTableViewCell.swift in Sources */,
				FA71ABAE2746A0540018C956 /* TitleCollectionViewCell.swift in Sources */,
				FA13047F26F0DC32002B9C42 /* MainViewController.swift in Sources */,
				FA6ECEE627472A020045C7C2 /* LevelTableViewCell.swift in Sources */,
				FA4D3DD627BAD6E900E02C75 /* SettingViewController.swift in Sources */,
				FA7CB9A3274F0B730079BCB9 /* ScoresView.swift in Sources */,
				FA9C0A9826F4E69C003F51A7 /* ProgressView.swift in Sources */,
			);
			runOnlyForDeploymentPostprocessing = 0;
		};
/* End PBXSourcesBuildPhase section */

/* Begin PBXVariantGroup section */
		FA44BCEF26DBB96F004193D2 /* Main.storyboard */ = {
			isa = PBXVariantGroup;
			children = (
				FA44BCF026DBB96F004193D2 /* Base */,
			);
			name = Main.storyboard;
			sourceTree = "<group>";
		};
		FA44BCF426DBB970004193D2 /* LaunchScreen.storyboard */ = {
			isa = PBXVariantGroup;
			children = (
				FA44BCF526DBB970004193D2 /* Base */,
			);
			name = LaunchScreen.storyboard;
			sourceTree = "<group>";
		};
/* End PBXVariantGroup section */

/* Begin XCBuildConfiguration section */
		FA44BCF826DBB970004193D2 /* Debug */ = {
			isa = XCBuildConfiguration;
			buildSettings = {
				ALWAYS_SEARCH_USER_PATHS = NO;
				CLANG_ANALYZER_NONNULL = YES;
				CLANG_ANALYZER_NUMBER_OBJECT_CONVERSION = YES_AGGRESSIVE;
				CLANG_CXX_LANGUAGE_STANDARD = "gnu++14";
				CLANG_CXX_LIBRARY = "libc++";
				CLANG_ENABLE_MODULES = YES;
				CLANG_ENABLE_OBJC_ARC = YES;
				CLANG_ENABLE_OBJC_WEAK = YES;
				CLANG_WARN_BLOCK_CAPTURE_AUTORELEASING = YES;
				CLANG_WARN_BOOL_CONVERSION = YES;
				CLANG_WARN_COMMA = YES;
				CLANG_WARN_CONSTANT_CONVERSION = YES;
				CLANG_WARN_DEPRECATED_OBJC_IMPLEMENTATIONS = YES;
				CLANG_WARN_DIRECT_OBJC_ISA_USAGE = YES_ERROR;
				CLANG_WARN_DOCUMENTATION_COMMENTS = YES;
				CLANG_WARN_EMPTY_BODY = YES;
				CLANG_WARN_ENUM_CONVERSION = YES;
				CLANG_WARN_INFINITE_RECURSION = YES;
				CLANG_WARN_INT_CONVERSION = YES;
				CLANG_WARN_NON_LITERAL_NULL_CONVERSION = YES;
				CLANG_WARN_OBJC_IMPLICIT_RETAIN_SELF = YES;
				CLANG_WARN_OBJC_LITERAL_CONVERSION = YES;
				CLANG_WARN_OBJC_ROOT_CLASS = YES_ERROR;
				CLANG_WARN_QUOTED_INCLUDE_IN_FRAMEWORK_HEADER = YES;
				CLANG_WARN_RANGE_LOOP_ANALYSIS = YES;
				CLANG_WARN_STRICT_PROTOTYPES = YES;
				CLANG_WARN_SUSPICIOUS_MOVE = YES;
				CLANG_WARN_UNGUARDED_AVAILABILITY = YES_AGGRESSIVE;
				CLANG_WARN_UNREACHABLE_CODE = YES;
				CLANG_WARN__DUPLICATE_METHOD_MATCH = YES;
				COPY_PHASE_STRIP = NO;
				DEBUG_INFORMATION_FORMAT = dwarf;
				ENABLE_STRICT_OBJC_MSGSEND = YES;
				ENABLE_TESTABILITY = YES;
				GCC_C_LANGUAGE_STANDARD = gnu11;
				GCC_DYNAMIC_NO_PIC = NO;
				GCC_NO_COMMON_BLOCKS = YES;
				GCC_OPTIMIZATION_LEVEL = 0;
				GCC_PREPROCESSOR_DEFINITIONS = (
					"DEBUG=1",
					"$(inherited)",
				);
				GCC_WARN_64_TO_32_BIT_CONVERSION = YES;
				GCC_WARN_ABOUT_RETURN_TYPE = YES_ERROR;
				GCC_WARN_UNDECLARED_SELECTOR = YES;
				GCC_WARN_UNINITIALIZED_AUTOS = YES_AGGRESSIVE;
				GCC_WARN_UNUSED_FUNCTION = YES;
				GCC_WARN_UNUSED_VARIABLE = YES;
				IPHONEOS_DEPLOYMENT_TARGET = 14.4;
				MTL_ENABLE_DEBUG_INFO = INCLUDE_SOURCE;
				MTL_FAST_MATH = YES;
				ONLY_ACTIVE_ARCH = YES;
				SDKROOT = iphoneos;
				SWIFT_ACTIVE_COMPILATION_CONDITIONS = DEBUG;
				SWIFT_OPTIMIZATION_LEVEL = "-Onone";
			};
			name = Debug;
		};
		FA44BCF926DBB970004193D2 /* Release */ = {
			isa = XCBuildConfiguration;
			buildSettings = {
				ALWAYS_SEARCH_USER_PATHS = NO;
				CLANG_ANALYZER_NONNULL = YES;
				CLANG_ANALYZER_NUMBER_OBJECT_CONVERSION = YES_AGGRESSIVE;
				CLANG_CXX_LANGUAGE_STANDARD = "gnu++14";
				CLANG_CXX_LIBRARY = "libc++";
				CLANG_ENABLE_MODULES = YES;
				CLANG_ENABLE_OBJC_ARC = YES;
				CLANG_ENABLE_OBJC_WEAK = YES;
				CLANG_WARN_BLOCK_CAPTURE_AUTORELEASING = YES;
				CLANG_WARN_BOOL_CONVERSION = YES;
				CLANG_WARN_COMMA = YES;
				CLANG_WARN_CONSTANT_CONVERSION = YES;
				CLANG_WARN_DEPRECATED_OBJC_IMPLEMENTATIONS = YES;
				CLANG_WARN_DIRECT_OBJC_ISA_USAGE = YES_ERROR;
				CLANG_WARN_DOCUMENTATION_COMMENTS = YES;
				CLANG_WARN_EMPTY_BODY = YES;
				CLANG_WARN_ENUM_CONVERSION = YES;
				CLANG_WARN_INFINITE_RECURSION = YES;
				CLANG_WARN_INT_CONVERSION = YES;
				CLANG_WARN_NON_LITERAL_NULL_CONVERSION = YES;
				CLANG_WARN_OBJC_IMPLICIT_RETAIN_SELF = YES;
				CLANG_WARN_OBJC_LITERAL_CONVERSION = YES;
				CLANG_WARN_OBJC_ROOT_CLASS = YES_ERROR;
				CLANG_WARN_QUOTED_INCLUDE_IN_FRAMEWORK_HEADER = YES;
				CLANG_WARN_RANGE_LOOP_ANALYSIS = YES;
				CLANG_WARN_STRICT_PROTOTYPES = YES;
				CLANG_WARN_SUSPICIOUS_MOVE = YES;
				CLANG_WARN_UNGUARDED_AVAILABILITY = YES_AGGRESSIVE;
				CLANG_WARN_UNREACHABLE_CODE = YES;
				CLANG_WARN__DUPLICATE_METHOD_MATCH = YES;
				COPY_PHASE_STRIP = NO;
				DEBUG_INFORMATION_FORMAT = "dwarf-with-dsym";
				ENABLE_NS_ASSERTIONS = NO;
				ENABLE_STRICT_OBJC_MSGSEND = YES;
				GCC_C_LANGUAGE_STANDARD = gnu11;
				GCC_NO_COMMON_BLOCKS = YES;
				GCC_WARN_64_TO_32_BIT_CONVERSION = YES;
				GCC_WARN_ABOUT_RETURN_TYPE = YES_ERROR;
				GCC_WARN_UNDECLARED_SELECTOR = YES;
				GCC_WARN_UNINITIALIZED_AUTOS = YES_AGGRESSIVE;
				GCC_WARN_UNUSED_FUNCTION = YES;
				GCC_WARN_UNUSED_VARIABLE = YES;
				IPHONEOS_DEPLOYMENT_TARGET = 14.4;
				MTL_ENABLE_DEBUG_INFO = NO;
				MTL_FAST_MATH = YES;
				SDKROOT = iphoneos;
				SWIFT_COMPILATION_MODE = wholemodule;
				SWIFT_OPTIMIZATION_LEVEL = "-O";
				VALIDATE_PRODUCT = YES;
			};
			name = Release;
		};
		FA44BCFB26DBB970004193D2 /* Debug */ = {
			isa = XCBuildConfiguration;
			buildSettings = {
				ASSETCATALOG_COMPILER_APPICON_NAME = AppIcon;
				ASSETCATALOG_COMPILER_GLOBAL_ACCENT_COLOR_NAME = AccentColor;
				CODE_SIGN_STYLE = Automatic;
				INFOPLIST_FILE = "$(SRCROOT)/Quize/Supporting Files/Info.plist";
				IPHONEOS_DEPLOYMENT_TARGET = 14.3;
				LD_RUNPATH_SEARCH_PATHS = (
					"$(inherited)",
					"@executable_path/Frameworks",
				);
				PRODUCT_BUNDLE_IDENTIFIER = mur.Quizze;
				PRODUCT_NAME = "$(TARGET_NAME)";
				SWIFT_VERSION = 5.0;
				TARGETED_DEVICE_FAMILY = 1;
			};
			name = Debug;
		};
		FA44BCFC26DBB970004193D2 /* Release */ = {
			isa = XCBuildConfiguration;
			buildSettings = {
				ASSETCATALOG_COMPILER_APPICON_NAME = AppIcon;
				ASSETCATALOG_COMPILER_GLOBAL_ACCENT_COLOR_NAME = AccentColor;
				CODE_SIGN_STYLE = Automatic;
				INFOPLIST_FILE = "$(SRCROOT)/Quize/Supporting Files/Info.plist";
				IPHONEOS_DEPLOYMENT_TARGET = 14.3;
				LD_RUNPATH_SEARCH_PATHS = (
					"$(inherited)",
					"@executable_path/Frameworks",
				);
				PRODUCT_BUNDLE_IDENTIFIER = mur.Quizze;
				PRODUCT_NAME = "$(TARGET_NAME)";
				SWIFT_VERSION = 5.0;
				TARGETED_DEVICE_FAMILY = 1;
			};
			name = Release;
		};
/* End XCBuildConfiguration section */

/* Begin XCConfigurationList section */
		FA44BCE126DBB96E004193D2 /* Build configuration list for PBXProject "Quize" */ = {
			isa = XCConfigurationList;
			buildConfigurations = (
				FA44BCF826DBB970004193D2 /* Debug */,
				FA44BCF926DBB970004193D2 /* Release */,
			);
			defaultConfigurationIsVisible = 0;
			defaultConfigurationName = Release;
		};
		FA44BCFA26DBB970004193D2 /* Build configuration list for PBXNativeTarget "Quize" */ = {
			isa = XCConfigurationList;
			buildConfigurations = (
				FA44BCFB26DBB970004193D2 /* Debug */,
				FA44BCFC26DBB970004193D2 /* Release */,
			);
			defaultConfigurationIsVisible = 0;
			defaultConfigurationName = Release;
		};
/* End XCConfigurationList section */
	};
	rootObject = FA44BCDE26DBB96E004193D2 /* Project object */;
}
